
Microsoft Visual Studio Solution File, Format Version 12.00
Project("{FAE04EC0-301F-11D3-BF4B-00C04F79EFBC}") = "TestRunParallelRequests", "TestRunParallelRequests\TestRunParallelRequests.csproj", "{BFF8FCF1-803C-43C8-A5D4-B25E3308FC56}"
EndProject
Global
	GlobalSection(SolutionConfigurationPlatforms) = preSolution
		Debug|Any CPU = Debug|Any CPU
		Release|Any CPU = Release|Any CPU
	EndGlobalSection
	GlobalSection(ProjectConfigurationPlatforms) = postSolution
		{BFF8FCF1-803C-43C8-A5D4-B25E3308FC56}.Debug|Any CPU.ActiveCfg = Debug|Any CPU
		{BFF8FCF1-803C-43C8-A5D4-B25E3308FC56}.Debug|Any CPU.Build.0 = Debug|Any CPU
		{BFF8FCF1-803C-43C8-A5D4-B25E3308FC56}.Release|Any CPU.ActiveCfg = Release|Any CPU
		{BFF8FCF1-803C-43C8-A5D4-B25E3308FC56}.Release|Any CPU.Build.0 = Release|Any CPU
	EndGlobalSection
EndGlobal
